
Microsoft Visual Studio Solution File, Format Version 12.00
# Visual Studio Version 16
VisualStudioVersion = 16.0.31729.503
MinimumVisualStudioVersion = 10.0.40219.1
Project("{FAE04EC0-301F-11D3-BF4B-00C04F79EFBC}") = "Challenge_Build_RSS_WebAPI", "Challenge_Build_RSS_WebAPI\Challenge_Build_RSS_WebAPI.csproj", "{CC4197A1-6F93-4A7F-8501-2D50F3BD6199}"
EndProject
Global
	GlobalSection(SolutionConfigurationPlatforms) = preSolution
		Debug|Any CPU = Debug|Any CPU
		Release|Any CPU = Release|Any CPU
	EndGlobalSection
	GlobalSection(ProjectConfigurationPlatforms) = postSolution
		{CC4197A1-6F93-4A7F-8501-2D50F3BD6199}.Debug|Any CPU.ActiveCfg = Debug|Any CPU
		{CC4197A1-6F93-4A7F-8501-2D50F3BD6199}.Debug|Any CPU.Build.0 = Debug|Any CPU
		{CC4197A1-6F93-4A7F-8501-2D50F3BD6199}.Release|Any CPU.ActiveCfg = Release|Any CPU
		{CC4197A1-6F93-4A7F-8501-2D50F3BD6199}.Release|Any CPU.Build.0 = Release|Any CPU
	EndGlobalSection
	GlobalSection(SolutionProperties) = preSolution
		HideSolutionNode = FALSE
	EndGlobalSection
	GlobalSection(ExtensibilityGlobals) = postSolution
		SolutionGuid = {F1A19F85-3657-4249-9D42-9540697E125D}
	EndGlobalSection
EndGlobal
